{
  "lockfile_version": "1",
  "packages": {
    "nodejs@18": {
      "last_modified": "2024-12-23T21:10:33Z",
      "plugin_version": "0.0.2",
      "resolved": "github:NixOS/nixpkgs/de1864217bfa9b5845f465e771e0ecb48b30e02d#nodejs_18",
      "source": "devbox-search",
      "version": "18.20.5",
      "systems": {
        "aarch64-darwin": {
          "outputs": [
            {
              "name": "out",
              "path": "/nix/store/jcis1jrrv373w9ph49r0fgxcscjq1zv7-nodejs-18.20.5",
              "default": true
            },
            {
              "name": "libv8",
              "path": "/nix/store/5yxbhik7dd8lywv351ygrlqcmylxkfjy-nodejs-18.20.5-libv8"
            }
          ],
          "store_path": "/nix/store/jcis1jrrv373w9ph49r0fgxcscjq1zv7-nodejs-18.20.5"
        },
        "aarch64-linux": {
          "outputs": [
            {
              "name": "out",
              "path": "/nix/store/bai40r2dppfml8pjhnqi5wk0zwk8dbd7-nodejs-18.20.5",
              "default": true
            },
            {
              "name": "libv8",
              "path": "/nix/store/wqlmc176z5l8g93h98ml664896nlnxsf-nodejs-18.20.5-libv8"
            }
          ],
          "store_path": "/nix/store/bai40r2dppfml8pjhnqi5wk0zwk8dbd7-nodejs-18.20.5"
        },
        "x86_64-darwin": {
          "outputs": [
            {
              "name": "out",
              "path": "/nix/store/03isfnn63b3h1p0rfz1fkga0rp0v925l-nodejs-18.20.5",
              "default": true
            },
            {
              "name": "libv8",
              "path": "/nix/store/l8n46gk63nkh453r43mccjpkp20j6jcr-nodejs-18.20.5-libv8"
            }
          ],
          "store_path": "/nix/store/03isfnn63b3h1p0rfz1fkga0rp0v925l-nodejs-18.20.5"
        },
        "x86_64-linux": {
          "outputs": [
            {
              "name": "out",
              "path": "/nix/store/wlpq101dsifq98z2bk300x4dk80wcybr-nodejs-18.20.5",
              "default": true
            },
            {
              "name": "libv8",
              "path": "/nix/store/qh1fy7j1p3fy4ssm5yidhacjx2pw72k7-nodejs-18.20.5-libv8"
            }
          ],
          "store_path": "/nix/store/wlpq101dsifq98z2bk300x4dk80wcybr-nodejs-18.20.5"
        }
      }
    }
  }
}
