# THIS IS AN AUTOGENERATED FILE. DO NOT EDIT THIS FILE DIRECTLY.
# yarn lockfile v1


lix@^15.9.1:
  version "15.9.1"
  resolved "https://registry.yarnpkg.com/lix/-/lix-15.9.1.tgz#c0fe09535fa542d6a13193959401a6734274b228"
  integrity sha512-HOK+F/IFO9E3SqfBVFDnCGIDX7Hqee8RleBuQKQQ2UWh/qZ5WqVV4XTFgYgMVS0g+fwtZuuULOiAEqCQkSo3YA==
